
Microsoft Visual Studio Solution File, Format Version 12.00
# Visual Studio Version 16
VisualStudioVersion = 16.0.30804.86
MinimumVisualStudioVersion = 10.0.40219.1
Project("{FAE04EC0-301F-11D3-BF4B-00C04F79EFBC}") = "WebApiPersona", "WebApiPersona\WebApiPersona.csproj", "{311572C3-968B-471D-BB26-6C64A03C5965}"
EndProject
Global
	GlobalSection(SolutionConfigurationPlatforms) = preSolution
		Debug|Any CPU = Debug|Any CPU
		Release|Any CPU = Release|Any CPU
	EndGlobalSection
	GlobalSection(ProjectConfigurationPlatforms) = postSolution
		{311572C3-968B-471D-BB26-6C64A03C5965}.Debug|Any CPU.ActiveCfg = Debug|Any CPU
		{311572C3-968B-471D-BB26-6C64A03C5965}.Debug|Any CPU.Build.0 = Debug|Any CPU
		{311572C3-968B-471D-BB26-6C64A03C5965}.Release|Any CPU.ActiveCfg = Release|Any CPU
		{311572C3-968B-471D-BB26-6C64A03C5965}.Release|Any CPU.Build.0 = Release|Any CPU
	EndGlobalSection
	GlobalSection(SolutionProperties) = preSolution
		HideSolutionNode = FALSE
	EndGlobalSection
	GlobalSection(ExtensibilityGlobals) = postSolution
		SolutionGuid = {5207D8C7-94A1-4972-B53D-92D317427353}
	EndGlobalSection
EndGlobal
